
Microsoft Visual Studio Solution File, Format Version 12.00
# Visual Studio 15
VisualStudioVersion = 15.0.27004.2008
MinimumVisualStudioVersion = 10.0.40219.1
Project("{FAE04EC0-301F-11D3-BF4B-00C04F79EFBC}") = "DicaDaCoruja.Interface", "DicaDaCoruja.Interface\DicaDaCoruja.Interface.csproj", "{1F58BE9D-A492-4FD5-8697-4C1F5E064550}"
EndProject
Project("{FAE04EC0-301F-11D3-BF4B-00C04F79EFBC}") = "DicaDaCoruja.Dados", "DicaDaCoruja.Dados\DicaDaCoruja.Dados.csproj", "{FC1599BF-A0A4-4A66-9D1F-73D77A456361}"
EndProject
Project("{FAE04EC0-301F-11D3-BF4B-00C04F79EFBC}") = "DicaDaCoruja.Entidades", "DicaDaCoruja.Entidades\DicaDaCoruja.Entidades.csproj", "{C3AC7AE9-EE2D-4735-A8FC-F681A2CFF936}"
EndProject
Project("{FAE04EC0-301F-11D3-BF4B-00C04F79EFBC}") = "DicaDaCoruja.Negocios", "DicaDaCoruja.Negocios\DicaDaCoruja.Negocios.csproj", "{D1C1F475-169D-4614-8950-64C0432779DB}"
EndProject
Global
	GlobalSection(SolutionConfigurationPlatforms) = preSolution
		Debug|Any CPU = Debug|Any CPU
		Release|Any CPU = Release|Any CPU
	EndGlobalSection
	GlobalSection(ProjectConfigurationPlatforms) = postSolution
		{1F58BE9D-A492-4FD5-8697-4C1F5E064550}.Debug|Any CPU.ActiveCfg = Debug|Any CPU
		{1F58BE9D-A492-4FD5-8697-4C1F5E064550}.Debug|Any CPU.Build.0 = Debug|Any CPU
		{1F58BE9D-A492-4FD5-8697-4C1F5E064550}.Release|Any CPU.ActiveCfg = Release|Any CPU
		{1F58BE9D-A492-4FD5-8697-4C1F5E064550}.Release|Any CPU.Build.0 = Release|Any CPU
		{FC1599BF-A0A4-4A66-9D1F-73D77A456361}.Debug|Any CPU.ActiveCfg = Debug|Any CPU
		{FC1599BF-A0A4-4A66-9D1F-73D77A456361}.Debug|Any CPU.Build.0 = Debug|Any CPU
		{FC1599BF-A0A4-4A66-9D1F-73D77A456361}.Release|Any CPU.ActiveCfg = Release|Any CPU
		{FC1599BF-A0A4-4A66-9D1F-73D77A456361}.Release|Any CPU.Build.0 = Release|Any CPU
		{C3AC7AE9-EE2D-4735-A8FC-F681A2CFF936}.Debug|Any CPU.ActiveCfg = Debug|Any CPU
		{C3AC7AE9-EE2D-4735-A8FC-F681A2CFF936}.Debug|Any CPU.Build.0 = Debug|Any CPU
		{C3AC7AE9-EE2D-4735-A8FC-F681A2CFF936}.Release|Any CPU.ActiveCfg = Release|Any CPU
		{C3AC7AE9-EE2D-4735-A8FC-F681A2CFF936}.Release|Any CPU.Build.0 = Release|Any CPU
		{D1C1F475-169D-4614-8950-64C0432779DB}.Debug|Any CPU.ActiveCfg = Debug|Any CPU
		{D1C1F475-169D-4614-8950-64C0432779DB}.Debug|Any CPU.Build.0 = Debug|Any CPU
		{D1C1F475-169D-4614-8950-64C0432779DB}.Release|Any CPU.ActiveCfg = Release|Any CPU
		{D1C1F475-169D-4614-8950-64C0432779DB}.Release|Any CPU.Build.0 = Release|Any CPU
	EndGlobalSection
	GlobalSection(SolutionProperties) = preSolution
		HideSolutionNode = FALSE
	EndGlobalSection
	GlobalSection(ExtensibilityGlobals) = postSolution
		SolutionGuid = {234D648A-A7E4-4630-8281-804F5FA7767D}
	EndGlobalSection
EndGlobal
